// !$*UTF8*$!
{
	archiveVersion = 1;
	classes = {
	};
	objectVersion = 46;
	objects = {

/* Begin PBXAggregateTarget section */
		"BlockObserver::BlockObserverPackageTests::ProductTarget" /* BlockObserverPackageTests */ = {
			isa = PBXAggregateTarget;
			buildConfigurationList = OBJ_128 /* Build configuration list for PBXAggregateTarget "BlockObserverPackageTests" */;
			buildPhases = (
			);
			dependencies = (
				OBJ_131 /* PBXTargetDependency */,
			);
			name = BlockObserverPackageTests;
			productName = BlockObserverPackageTests;
		};
/* End PBXAggregateTarget section */

/* Begin PBXBuildFile section */
		OBJ_100 /* RippleTransaction.swift in Sources */ = {isa = PBXBuildFile; fileRef = OBJ_29 /* RippleTransaction.swift */; };
		OBJ_101 /* RippleBlockchainObserver.swift in Sources */ = {isa = PBXBuildFile; fileRef = OBJ_30 /* RippleBlockchainObserver.swift */; };
		OBJ_102 /* Constants.swift in Sources */ = {isa = PBXBuildFile; fileRef = OBJ_31 /* Constants.swift */; };
		OBJ_103 /* BlockTimerInterface.swift in Sources */ = {isa = PBXBuildFile; fileRef = OBJ_34 /* BlockTimerInterface.swift */; };
		OBJ_104 /* BlocksTimer.swift in Sources */ = {isa = PBXBuildFile; fileRef = OBJ_35 /* BlocksTimer.swift */; };
		OBJ_105 /* Numbers+Hex.swift in Sources */ = {isa = PBXBuildFile; fileRef = OBJ_37 /* Numbers+Hex.swift */; };
		OBJ_106 /* TransactionNotifier.swift in Sources */ = {isa = PBXBuildFile; fileRef = OBJ_39 /* TransactionNotifier.swift */; };
		OBJ_107 /* PrintLogger.swift in Sources */ = {isa = PBXBuildFile; fileRef = OBJ_40 /* PrintLogger.swift */; };
		OBJ_108 /* TransactionsBuffer.swift in Sources */ = {isa = PBXBuildFile; fileRef = OBJ_42 /* TransactionsBuffer.swift */; };
		OBJ_109 /* TransactionsBufferInterface.swift in Sources */ = {isa = PBXBuildFile; fileRef = OBJ_43 /* TransactionsBufferInterface.swift */; };
		OBJ_110 /* Asset.swift in Sources */ = {isa = PBXBuildFile; fileRef = OBJ_45 /* Asset.swift */; };
		OBJ_111 /* RPCModel.swift in Sources */ = {isa = PBXBuildFile; fileRef = OBJ_46 /* RPCModel.swift */; };
		OBJ_112 /* Transaction.swift in Sources */ = {isa = PBXBuildFile; fileRef = OBJ_47 /* Transaction.swift */; };
		OBJ_113 /* NetworkManager.swift in Sources */ = {isa = PBXBuildFile; fileRef = OBJ_50 /* NetworkManager.swift */; };
		OBJ_114 /* NetworkManagerInterface.swift in Sources */ = {isa = PBXBuildFile; fileRef = OBJ_51 /* NetworkManagerInterface.swift */; };
		OBJ_115 /* RPC2RequestProtocol.swift in Sources */ = {isa = PBXBuildFile; fileRef = OBJ_52 /* RPC2RequestProtocol.swift */; };
		OBJ_116 /* RequestBuilder.swift in Sources */ = {isa = PBXBuildFile; fileRef = OBJ_53 /* RequestBuilder.swift */; };
		OBJ_117 /* RequestProtocol.swift in Sources */ = {isa = PBXBuildFile; fileRef = OBJ_54 /* RequestProtocol.swift */; };
		OBJ_118 /* ErrorMessage.swift in Sources */ = {isa = PBXBuildFile; fileRef = OBJ_56 /* ErrorMessage.swift */; };
		OBJ_119 /* NetworkError.swift in Sources */ = {isa = PBXBuildFile; fileRef = OBJ_57 /* NetworkError.swift */; };
		OBJ_126 /* Package.swift in Sources */ = {isa = PBXBuildFile; fileRef = OBJ_6 /* Package.swift */; };
		OBJ_137 /* BlockchainObserverTests.swift in Sources */ = {isa = PBXBuildFile; fileRef = OBJ_59 /* BlockchainObserverTests.swift */; };
		OBJ_138 /* EthereumBlockchainObserverTests.swift in Sources */ = {isa = PBXBuildFile; fileRef = OBJ_62 /* EthereumBlockchainObserverTests.swift */; };
		OBJ_139 /* EthereumMiddlwareTests.swift in Sources */ = {isa = PBXBuildFile; fileRef = OBJ_63 /* EthereumMiddlwareTests.swift */; };
		OBJ_140 /* FakeEthereumMiddlware.swift in Sources */ = {isa = PBXBuildFile; fileRef = OBJ_64 /* FakeEthereumMiddlware.swift */; };
		OBJ_141 /* FakeRippleMiddleware.swift in Sources */ = {isa = PBXBuildFile; fileRef = OBJ_66 /* FakeRippleMiddleware.swift */; };
		OBJ_142 /* RippleBlockchainObserverTests.swift in Sources */ = {isa = PBXBuildFile; fileRef = OBJ_67 /* RippleBlockchainObserverTests.swift */; };
		OBJ_143 /* TestDefaultBlockchainObserver.swift in Sources */ = {isa = PBXBuildFile; fileRef = OBJ_68 /* TestDefaultBlockchainObserver.swift */; };
		OBJ_144 /* TestBlockchainTimer.swift in Sources */ = {isa = PBXBuildFile; fileRef = OBJ_70 /* TestBlockchainTimer.swift */; };
		OBJ_145 /* TestHex.swift in Sources */ = {isa = PBXBuildFile; fileRef = OBJ_71 /* TestHex.swift */; };
		OBJ_146 /* TestLogger.swift in Sources */ = {isa = PBXBuildFile; fileRef = OBJ_72 /* TestLogger.swift */; };
		OBJ_147 /* TransactionsBufferTests.swift in Sources */ = {isa = PBXBuildFile; fileRef = OBJ_73 /* TransactionsBufferTests.swift */; };
		OBJ_148 /* FakeFailureNetworkManager.swift in Sources */ = {isa = PBXBuildFile; fileRef = OBJ_75 /* FakeFailureNetworkManager.swift */; };
		OBJ_149 /* FakeSuccessNetworkManager.swift in Sources */ = {isa = PBXBuildFile; fileRef = OBJ_76 /* FakeSuccessNetworkManager.swift */; };
		OBJ_150 /* RPC2RequestsTests.swift in Sources */ = {isa = PBXBuildFile; fileRef = OBJ_77 /* RPC2RequestsTests.swift */; };
		OBJ_152 /* BlockObserver.framework in Frameworks */ = {isa = PBXBuildFile; fileRef = "BlockObserver::BlockObserver::Product" /* BlockObserver.framework */; };
		OBJ_86 /* BlockObserver.swift in Sources */ = {isa = PBXBuildFile; fileRef = OBJ_8 /* BlockObserver.swift */; };
		OBJ_87 /* BlockchainObserverInterface.swift in Sources */ = {isa = PBXBuildFile; fileRef = OBJ_9 /* BlockchainObserverInterface.swift */; };
		OBJ_88 /* DefaultBlockchainObserver.swift in Sources */ = {isa = PBXBuildFile; fileRef = OBJ_11 /* DefaultBlockchainObserver.swift */; };
		OBJ_89 /* EthereumBlockchainObserver.swift in Sources */ = {isa = PBXBuildFile; fileRef = OBJ_13 /* EthereumBlockchainObserver.swift */; };
		OBJ_90 /* EthereumEndpoint.swift in Sources */ = {isa = PBXBuildFile; fileRef = OBJ_15 /* EthereumEndpoint.swift */; };
		OBJ_91 /* EthereumMiddleware.swift in Sources */ = {isa = PBXBuildFile; fileRef = OBJ_16 /* EthereumMiddleware.swift */; };
		OBJ_92 /* EthereumMiddlewareInterface.swift in Sources */ = {isa = PBXBuildFile; fileRef = OBJ_17 /* EthereumMiddlewareInterface.swift */; };
		OBJ_93 /* EthereumTransaction.swift in Sources */ = {isa = PBXBuildFile; fileRef = OBJ_19 /* EthereumTransaction.swift */; };
		OBJ_94 /* RpcCurrentBlock.swift in Sources */ = {isa = PBXBuildFile; fileRef = OBJ_20 /* RpcCurrentBlock.swift */; };
		OBJ_95 /* RpcEthereumtransactionList.swift in Sources */ = {isa = PBXBuildFile; fileRef = OBJ_21 /* RpcEthereumtransactionList.swift */; };
		OBJ_96 /* RippleEndpoint.swift in Sources */ = {isa = PBXBuildFile; fileRef = OBJ_24 /* RippleEndpoint.swift */; };
		OBJ_97 /* RippleMiddleware.swift in Sources */ = {isa = PBXBuildFile; fileRef = OBJ_25 /* RippleMiddleware.swift */; };
		OBJ_98 /* RippleMiddlewareInterface.swift in Sources */ = {isa = PBXBuildFile; fileRef = OBJ_26 /* RippleMiddlewareInterface.swift */; };
		OBJ_99 /* RippleBlockNumber.swift in Sources */ = {isa = PBXBuildFile; fileRef = OBJ_28 /* RippleBlockNumber.swift */; };
/* End PBXBuildFile section */

/* Begin PBXContainerItemProxy section */
		3457AF57223E99D300D54283 /* PBXContainerItemProxy */ = {
			isa = PBXContainerItemProxy;
			containerPortal = OBJ_1 /* Project object */;
			proxyType = 1;
			remoteGlobalIDString = "BlockObserver::BlockObserver";
			remoteInfo = BlockObserver;
		};
		3457AF58223E99D300D54283 /* PBXContainerItemProxy */ = {
			isa = PBXContainerItemProxy;
			containerPortal = OBJ_1 /* Project object */;
			proxyType = 1;
			remoteGlobalIDString = "BlockObserver::BlockObserverTests";
			remoteInfo = BlockObserverTests;
		};
/* End PBXContainerItemProxy section */

/* Begin PBXFileReference section */
		"BlockObserver::BlockObserver::Product" /* BlockObserver.framework */ = {isa = PBXFileReference; explicitFileType = wrapper.framework; path = BlockObserver.framework; sourceTree = BUILT_PRODUCTS_DIR; };
		"BlockObserver::BlockObserverTests::Product" /* BlockObserverTests.xctest */ = {isa = PBXFileReference; lastKnownFileType = file; path = BlockObserverTests.xctest; sourceTree = BUILT_PRODUCTS_DIR; };
		OBJ_11 /* DefaultBlockchainObserver.swift */ = {isa = PBXFileReference; lastKnownFileType = sourcecode.swift; path = DefaultBlockchainObserver.swift; sourceTree = "<group>"; };
		OBJ_13 /* EthereumBlockchainObserver.swift */ = {isa = PBXFileReference; lastKnownFileType = sourcecode.swift; path = EthereumBlockchainObserver.swift; sourceTree = "<group>"; };
		OBJ_15 /* EthereumEndpoint.swift */ = {isa = PBXFileReference; lastKnownFileType = sourcecode.swift; path = EthereumEndpoint.swift; sourceTree = "<group>"; };
		OBJ_16 /* EthereumMiddleware.swift */ = {isa = PBXFileReference; lastKnownFileType = sourcecode.swift; path = EthereumMiddleware.swift; sourceTree = "<group>"; };
		OBJ_17 /* EthereumMiddlewareInterface.swift */ = {isa = PBXFileReference; lastKnownFileType = sourcecode.swift; path = EthereumMiddlewareInterface.swift; sourceTree = "<group>"; };
		OBJ_19 /* EthereumTransaction.swift */ = {isa = PBXFileReference; lastKnownFileType = sourcecode.swift; path = EthereumTransaction.swift; sourceTree = "<group>"; };
		OBJ_20 /* RpcCurrentBlock.swift */ = {isa = PBXFileReference; lastKnownFileType = sourcecode.swift; path = RpcCurrentBlock.swift; sourceTree = "<group>"; };
		OBJ_21 /* RpcEthereumtransactionList.swift */ = {isa = PBXFileReference; lastKnownFileType = sourcecode.swift; path = RpcEthereumtransactionList.swift; sourceTree = "<group>"; };
		OBJ_24 /* RippleEndpoint.swift */ = {isa = PBXFileReference; lastKnownFileType = sourcecode.swift; path = RippleEndpoint.swift; sourceTree = "<group>"; };
		OBJ_25 /* RippleMiddleware.swift */ = {isa = PBXFileReference; lastKnownFileType = sourcecode.swift; path = RippleMiddleware.swift; sourceTree = "<group>"; };
		OBJ_26 /* RippleMiddlewareInterface.swift */ = {isa = PBXFileReference; lastKnownFileType = sourcecode.swift; path = RippleMiddlewareInterface.swift; sourceTree = "<group>"; };
		OBJ_28 /* RippleBlockNumber.swift */ = {isa = PBXFileReference; lastKnownFileType = sourcecode.swift; path = RippleBlockNumber.swift; sourceTree = "<group>"; };
		OBJ_29 /* RippleTransaction.swift */ = {isa = PBXFileReference; lastKnownFileType = sourcecode.swift; path = RippleTransaction.swift; sourceTree = "<group>"; };
		OBJ_30 /* RippleBlockchainObserver.swift */ = {isa = PBXFileReference; lastKnownFileType = sourcecode.swift; path = RippleBlockchainObserver.swift; sourceTree = "<group>"; };
		OBJ_31 /* Constants.swift */ = {isa = PBXFileReference; lastKnownFileType = sourcecode.swift; path = Constants.swift; sourceTree = "<group>"; };
		OBJ_34 /* BlockTimerInterface.swift */ = {isa = PBXFileReference; lastKnownFileType = sourcecode.swift; path = BlockTimerInterface.swift; sourceTree = "<group>"; };
		OBJ_35 /* BlocksTimer.swift */ = {isa = PBXFileReference; lastKnownFileType = sourcecode.swift; path = BlocksTimer.swift; sourceTree = "<group>"; };
		OBJ_37 /* Numbers+Hex.swift */ = {isa = PBXFileReference; lastKnownFileType = sourcecode.swift; path = "Numbers+Hex.swift"; sourceTree = "<group>"; };
		OBJ_39 /* TransactionNotifier.swift */ = {isa = PBXFileReference; lastKnownFileType = sourcecode.swift; path = TransactionNotifier.swift; sourceTree = "<group>"; };
		OBJ_40 /* PrintLogger.swift */ = {isa = PBXFileReference; lastKnownFileType = sourcecode.swift; path = PrintLogger.swift; sourceTree = "<group>"; };
		OBJ_42 /* TransactionsBuffer.swift */ = {isa = PBXFileReference; lastKnownFileType = sourcecode.swift; path = TransactionsBuffer.swift; sourceTree = "<group>"; };
		OBJ_43 /* TransactionsBufferInterface.swift */ = {isa = PBXFileReference; lastKnownFileType = sourcecode.swift; path = TransactionsBufferInterface.swift; sourceTree = "<group>"; };
		OBJ_45 /* Asset.swift */ = {isa = PBXFileReference; lastKnownFileType = sourcecode.swift; path = Asset.swift; sourceTree = "<group>"; };
		OBJ_46 /* RPCModel.swift */ = {isa = PBXFileReference; lastKnownFileType = sourcecode.swift; path = RPCModel.swift; sourceTree = "<group>"; };
		OBJ_47 /* Transaction.swift */ = {isa = PBXFileReference; lastKnownFileType = sourcecode.swift; path = Transaction.swift; sourceTree = "<group>"; };
		OBJ_50 /* NetworkManager.swift */ = {isa = PBXFileReference; lastKnownFileType = sourcecode.swift; path = NetworkManager.swift; sourceTree = "<group>"; };
		OBJ_51 /* NetworkManagerInterface.swift */ = {isa = PBXFileReference; lastKnownFileType = sourcecode.swift; path = NetworkManagerInterface.swift; sourceTree = "<group>"; };
		OBJ_52 /* RPC2RequestProtocol.swift */ = {isa = PBXFileReference; lastKnownFileType = sourcecode.swift; path = RPC2RequestProtocol.swift; sourceTree = "<group>"; };
		OBJ_53 /* RequestBuilder.swift */ = {isa = PBXFileReference; lastKnownFileType = sourcecode.swift; path = RequestBuilder.swift; sourceTree = "<group>"; };
		OBJ_54 /* RequestProtocol.swift */ = {isa = PBXFileReference; lastKnownFileType = sourcecode.swift; path = RequestProtocol.swift; sourceTree = "<group>"; };
		OBJ_56 /* ErrorMessage.swift */ = {isa = PBXFileReference; lastKnownFileType = sourcecode.swift; path = ErrorMessage.swift; sourceTree = "<group>"; };
		OBJ_57 /* NetworkError.swift */ = {isa = PBXFileReference; lastKnownFileType = sourcecode.swift; path = NetworkError.swift; sourceTree = "<group>"; };
		OBJ_59 /* BlockchainObserverTests.swift */ = {isa = PBXFileReference; lastKnownFileType = sourcecode.swift; path = BlockchainObserverTests.swift; sourceTree = "<group>"; };
		OBJ_6 /* Package.swift */ = {isa = PBXFileReference; explicitFileType = sourcecode.swift; path = Package.swift; sourceTree = "<group>"; };
		OBJ_62 /* EthereumBlockchainObserverTests.swift */ = {isa = PBXFileReference; lastKnownFileType = sourcecode.swift; path = EthereumBlockchainObserverTests.swift; sourceTree = "<group>"; };
		OBJ_63 /* EthereumMiddlwareTests.swift */ = {isa = PBXFileReference; lastKnownFileType = sourcecode.swift; path = EthereumMiddlwareTests.swift; sourceTree = "<group>"; };
		OBJ_64 /* FakeEthereumMiddlware.swift */ = {isa = PBXFileReference; lastKnownFileType = sourcecode.swift; path = FakeEthereumMiddlware.swift; sourceTree = "<group>"; };
		OBJ_66 /* FakeRippleMiddleware.swift */ = {isa = PBXFileReference; lastKnownFileType = sourcecode.swift; path = FakeRippleMiddleware.swift; sourceTree = "<group>"; };
		OBJ_67 /* RippleBlockchainObserverTests.swift */ = {isa = PBXFileReference; lastKnownFileType = sourcecode.swift; path = RippleBlockchainObserverTests.swift; sourceTree = "<group>"; };
		OBJ_68 /* TestDefaultBlockchainObserver.swift */ = {isa = PBXFileReference; lastKnownFileType = sourcecode.swift; path = TestDefaultBlockchainObserver.swift; sourceTree = "<group>"; };
		OBJ_70 /* TestBlockchainTimer.swift */ = {isa = PBXFileReference; lastKnownFileType = sourcecode.swift; path = TestBlockchainTimer.swift; sourceTree = "<group>"; };
		OBJ_71 /* TestHex.swift */ = {isa = PBXFileReference; lastKnownFileType = sourcecode.swift; path = TestHex.swift; sourceTree = "<group>"; };
		OBJ_72 /* TestLogger.swift */ = {isa = PBXFileReference; lastKnownFileType = sourcecode.swift; path = TestLogger.swift; sourceTree = "<group>"; };
		OBJ_73 /* TransactionsBufferTests.swift */ = {isa = PBXFileReference; lastKnownFileType = sourcecode.swift; path = TransactionsBufferTests.swift; sourceTree = "<group>"; };
		OBJ_75 /* FakeFailureNetworkManager.swift */ = {isa = PBXFileReference; lastKnownFileType = sourcecode.swift; path = FakeFailureNetworkManager.swift; sourceTree = "<group>"; };
		OBJ_76 /* FakeSuccessNetworkManager.swift */ = {isa = PBXFileReference; lastKnownFileType = sourcecode.swift; path = FakeSuccessNetworkManager.swift; sourceTree = "<group>"; };
		OBJ_77 /* RPC2RequestsTests.swift */ = {isa = PBXFileReference; lastKnownFileType = sourcecode.swift; path = RPC2RequestsTests.swift; sourceTree = "<group>"; };
		OBJ_8 /* BlockObserver.swift */ = {isa = PBXFileReference; lastKnownFileType = sourcecode.swift; path = BlockObserver.swift; sourceTree = "<group>"; };
		OBJ_9 /* BlockchainObserverInterface.swift */ = {isa = PBXFileReference; lastKnownFileType = sourcecode.swift; path = BlockchainObserverInterface.swift; sourceTree = "<group>"; };
/* End PBXFileReference section */

/* Begin PBXFrameworksBuildPhase section */
		OBJ_120 /* Frameworks */ = {
			isa = PBXFrameworksBuildPhase;
			buildActionMask = 0;
			files = (
			);
			runOnlyForDeploymentPostprocessing = 0;
		};
		OBJ_151 /* Frameworks */ = {
			isa = PBXFrameworksBuildPhase;
			buildActionMask = 0;
			files = (
				OBJ_152 /* BlockObserver.framework in Frameworks */,
			);
			runOnlyForDeploymentPostprocessing = 0;
		};
/* End PBXFrameworksBuildPhase section */

/* Begin PBXGroup section */
		OBJ_10 /* BlockchainObservers */ = {
			isa = PBXGroup;
			children = (
				OBJ_11 /* DefaultBlockchainObserver.swift */,
				OBJ_12 /* Ethereum */,
				OBJ_22 /* Ripple */,
			);
			path = BlockchainObservers;
			sourceTree = "<group>";
		};
		OBJ_12 /* Ethereum */ = {
			isa = PBXGroup;
			children = (
				OBJ_13 /* EthereumBlockchainObserver.swift */,
				OBJ_14 /* Middleware */,
				OBJ_18 /* Models */,
			);
			path = Ethereum;
			sourceTree = "<group>";
		};
		OBJ_14 /* Middleware */ = {
			isa = PBXGroup;
			children = (
				OBJ_15 /* EthereumEndpoint.swift */,
				OBJ_16 /* EthereumMiddleware.swift */,
				OBJ_17 /* EthereumMiddlewareInterface.swift */,
			);
			path = Middleware;
			sourceTree = "<group>";
		};
		OBJ_18 /* Models */ = {
			isa = PBXGroup;
			children = (
				OBJ_19 /* EthereumTransaction.swift */,
				OBJ_20 /* RpcCurrentBlock.swift */,
				OBJ_21 /* RpcEthereumtransactionList.swift */,
			);
			path = Models;
			sourceTree = "<group>";
		};
		OBJ_22 /* Ripple */ = {
			isa = PBXGroup;
			children = (
				OBJ_23 /* Middleware */,
				OBJ_27 /* Models */,
				OBJ_30 /* RippleBlockchainObserver.swift */,
			);
			path = Ripple;
			sourceTree = "<group>";
		};
		OBJ_23 /* Middleware */ = {
			isa = PBXGroup;
			children = (
				OBJ_24 /* RippleEndpoint.swift */,
				OBJ_25 /* RippleMiddleware.swift */,
				OBJ_26 /* RippleMiddlewareInterface.swift */,
			);
			path = Middleware;
			sourceTree = "<group>";
		};
		OBJ_27 /* Models */ = {
			isa = PBXGroup;
			children = (
				OBJ_28 /* RippleBlockNumber.swift */,
				OBJ_29 /* RippleTransaction.swift */,
			);
			path = Models;
			sourceTree = "<group>";
		};
		OBJ_32 /* Foundation */ = {
			isa = PBXGroup;
			children = (
				OBJ_33 /* BlockTimer */,
				OBJ_36 /* Extensions */,
				OBJ_38 /* Logger */,
				OBJ_41 /* TransactionsBuffer */,
			);
			path = Foundation;
			sourceTree = "<group>";
		};
		OBJ_33 /* BlockTimer */ = {
			isa = PBXGroup;
			children = (
				OBJ_34 /* BlockTimerInterface.swift */,
				OBJ_35 /* BlocksTimer.swift */,
			);
			path = BlockTimer;
			sourceTree = "<group>";
		};
		OBJ_36 /* Extensions */ = {
			isa = PBXGroup;
			children = (
				OBJ_37 /* Numbers+Hex.swift */,
			);
			path = Extensions;
			sourceTree = "<group>";
		};
		OBJ_38 /* Logger */ = {
			isa = PBXGroup;
			children = (
				OBJ_39 /* TransactionNotifier.swift */,
				OBJ_40 /* PrintLogger.swift */,
			);
			path = Logger;
			sourceTree = "<group>";
		};
		OBJ_41 /* TransactionsBuffer */ = {
			isa = PBXGroup;
			children = (
				OBJ_42 /* TransactionsBuffer.swift */,
				OBJ_43 /* TransactionsBufferInterface.swift */,
			);
			path = TransactionsBuffer;
			sourceTree = "<group>";
		};
		OBJ_44 /* Models */ = {
			isa = PBXGroup;
			children = (
				OBJ_45 /* Asset.swift */,
				OBJ_46 /* RPCModel.swift */,
				OBJ_47 /* Transaction.swift */,
			);
			path = Models;
			sourceTree = "<group>";
		};
		OBJ_48 /* Network */ = {
			isa = PBXGroup;
			children = (
				OBJ_49 /* Core */,
				OBJ_55 /* Error */,
			);
			path = Network;
			sourceTree = "<group>";
		};
		OBJ_49 /* Core */ = {
			isa = PBXGroup;
			children = (
				OBJ_50 /* NetworkManager.swift */,
				OBJ_51 /* NetworkManagerInterface.swift */,
				OBJ_52 /* RPC2RequestProtocol.swift */,
				OBJ_53 /* RequestBuilder.swift */,
				OBJ_54 /* RequestProtocol.swift */,
			);
			path = Core;
			sourceTree = "<group>";
		};
		OBJ_5 = {
			isa = PBXGroup;
			children = (
				OBJ_6 /* Package.swift */,
				OBJ_7 /* Sources */,
				OBJ_58 /* Tests */,
				OBJ_78 /* Products */,
			);
			sourceTree = "<group>";
		};
		OBJ_55 /* Error */ = {
			isa = PBXGroup;
			children = (
				OBJ_56 /* ErrorMessage.swift */,
				OBJ_57 /* NetworkError.swift */,
			);
			path = Error;
			sourceTree = "<group>";
		};
		OBJ_58 /* Tests */ = {
			isa = PBXGroup;
			children = (
				OBJ_59 /* BlockchainObserverTests.swift */,
				OBJ_60 /* Blockchains */,
				OBJ_69 /* Foundation */,
				OBJ_74 /* Network */,
			);
			path = Tests;
			sourceTree = SOURCE_ROOT;
		};
		OBJ_60 /* Blockchains */ = {
			isa = PBXGroup;
			children = (
				OBJ_61 /* Ethereum */,
				OBJ_65 /* Ripple */,
				OBJ_68 /* TestDefaultBlockchainObserver.swift */,
			);
			path = Blockchains;
			sourceTree = "<group>";
		};
		OBJ_61 /* Ethereum */ = {
			isa = PBXGroup;
			children = (
				OBJ_62 /* EthereumBlockchainObserverTests.swift */,
				OBJ_63 /* EthereumMiddlwareTests.swift */,
				OBJ_64 /* FakeEthereumMiddlware.swift */,
			);
			path = Ethereum;
			sourceTree = "<group>";
		};
		OBJ_65 /* Ripple */ = {
			isa = PBXGroup;
			children = (
				OBJ_66 /* FakeRippleMiddleware.swift */,
				OBJ_67 /* RippleBlockchainObserverTests.swift */,
			);
			path = Ripple;
			sourceTree = "<group>";
		};
		OBJ_69 /* Foundation */ = {
			isa = PBXGroup;
			children = (
				OBJ_70 /* TestBlockchainTimer.swift */,
				OBJ_71 /* TestHex.swift */,
				OBJ_72 /* TestLogger.swift */,
				OBJ_73 /* TransactionsBufferTests.swift */,
			);
			path = Foundation;
			sourceTree = "<group>";
		};
		OBJ_7 /* Sources */ = {
			isa = PBXGroup;
			children = (
				OBJ_8 /* BlockObserver.swift */,
				OBJ_9 /* BlockchainObserverInterface.swift */,
				OBJ_10 /* BlockchainObservers */,
				OBJ_31 /* Constants.swift */,
				OBJ_32 /* Foundation */,
				OBJ_44 /* Models */,
				OBJ_48 /* Network */,
			);
			path = Sources;
			sourceTree = SOURCE_ROOT;
		};
		OBJ_74 /* Network */ = {
			isa = PBXGroup;
			children = (
				OBJ_75 /* FakeFailureNetworkManager.swift */,
				OBJ_76 /* FakeSuccessNetworkManager.swift */,
				OBJ_77 /* RPC2RequestsTests.swift */,
			);
			path = Network;
			sourceTree = "<group>";
		};
		OBJ_78 /* Products */ = {
			isa = PBXGroup;
			children = (
				"BlockObserver::BlockObserverTests::Product" /* BlockObserverTests.xctest */,
				"BlockObserver::BlockObserver::Product" /* BlockObserver.framework */,
			);
			name = Products;
			sourceTree = BUILT_PRODUCTS_DIR;
		};
/* End PBXGroup section */

/* Begin PBXNativeTarget section */
		"BlockObserver::BlockObserver" /* BlockObserver */ = {
			isa = PBXNativeTarget;
			buildConfigurationList = OBJ_82 /* Build configuration list for PBXNativeTarget "BlockObserver" */;
			buildPhases = (
				OBJ_85 /* Sources */,
				OBJ_120 /* Frameworks */,
			);
			buildRules = (
			);
			dependencies = (
			);
			name = BlockObserver;
			productName = BlockObserver;
			productReference = "BlockObserver::BlockObserver::Product" /* BlockObserver.framework */;
			productType = "com.apple.product-type.framework";
		};
		"BlockObserver::BlockObserverTests" /* BlockObserverTests */ = {
			isa = PBXNativeTarget;
			buildConfigurationList = OBJ_133 /* Build configuration list for PBXNativeTarget "BlockObserverTests" */;
			buildPhases = (
				OBJ_136 /* Sources */,
				OBJ_151 /* Frameworks */,
			);
			buildRules = (
			);
			dependencies = (
				OBJ_153 /* PBXTargetDependency */,
			);
			name = BlockObserverTests;
			productName = BlockObserverTests;
			productReference = "BlockObserver::BlockObserverTests::Product" /* BlockObserverTests.xctest */;
			productType = "com.apple.product-type.bundle.unit-test";
		};
		"BlockObserver::SwiftPMPackageDescription" /* BlockObserverPackageDescription */ = {
			isa = PBXNativeTarget;
			buildConfigurationList = OBJ_122 /* Build configuration list for PBXNativeTarget "BlockObserverPackageDescription" */;
			buildPhases = (
				OBJ_125 /* Sources */,
			);
			buildRules = (
			);
			dependencies = (
			);
			name = BlockObserverPackageDescription;
			productName = BlockObserverPackageDescription;
			productType = "com.apple.product-type.framework";
		};
/* End PBXNativeTarget section */

/* Begin PBXProject section */
		OBJ_1 /* Project object */ = {
			isa = PBXProject;
			attributes = {
				LastUpgradeCheck = 9999;
			};
			buildConfigurationList = OBJ_2 /* Build configuration list for PBXProject "BlockObserver" */;
			compatibilityVersion = "Xcode 3.2";
			developmentRegion = English;
			hasScannedForEncodings = 0;
			knownRegions = (
				en,
			);
			mainGroup = OBJ_5;
			productRefGroup = OBJ_78 /* Products */;
			projectDirPath = "";
			projectRoot = "";
			targets = (
				"BlockObserver::BlockObserver" /* BlockObserver */,
				"BlockObserver::SwiftPMPackageDescription" /* BlockObserverPackageDescription */,
				"BlockObserver::BlockObserverPackageTests::ProductTarget" /* BlockObserverPackageTests */,
				"BlockObserver::BlockObserverTests" /* BlockObserverTests */,
			);
		};
/* End PBXProject section */

/* Begin PBXSourcesBuildPhase section */
		OBJ_125 /* Sources */ = {
			isa = PBXSourcesBuildPhase;
			buildActionMask = 0;
			files = (
				OBJ_126 /* Package.swift in Sources */,
			);
			runOnlyForDeploymentPostprocessing = 0;
		};
		OBJ_136 /* Sources */ = {
			isa = PBXSourcesBuildPhase;
			buildActionMask = 0;
			files = (
				OBJ_137 /* BlockchainObserverTests.swift in Sources */,
				OBJ_138 /* EthereumBlockchainObserverTests.swift in Sources */,
				OBJ_139 /* EthereumMiddlwareTests.swift in Sources */,
				OBJ_140 /* FakeEthereumMiddlware.swift in Sources */,
				OBJ_141 /* FakeRippleMiddleware.swift in Sources */,
				OBJ_142 /* RippleBlockchainObserverTests.swift in Sources */,
				OBJ_143 /* TestDefaultBlockchainObserver.swift in Sources */,
				OBJ_144 /* TestBlockchainTimer.swift in Sources */,
				OBJ_145 /* TestHex.swift in Sources */,
				OBJ_146 /* TestLogger.swift in Sources */,
				OBJ_147 /* TransactionsBufferTests.swift in Sources */,
				OBJ_148 /* FakeFailureNetworkManager.swift in Sources */,
				OBJ_149 /* FakeSuccessNetworkManager.swift in Sources */,
				OBJ_150 /* RPC2RequestsTests.swift in Sources */,
			);
			runOnlyForDeploymentPostprocessing = 0;
		};
		OBJ_85 /* Sources */ = {
			isa = PBXSourcesBuildPhase;
			buildActionMask = 0;
			files = (
				OBJ_86 /* BlockObserver.swift in Sources */,
				OBJ_87 /* BlockchainObserverInterface.swift in Sources */,
				OBJ_88 /* DefaultBlockchainObserver.swift in Sources */,
				OBJ_89 /* EthereumBlockchainObserver.swift in Sources */,
				OBJ_90 /* EthereumEndpoint.swift in Sources */,
				OBJ_91 /* EthereumMiddleware.swift in Sources */,
				OBJ_92 /* EthereumMiddlewareInterface.swift in Sources */,
				OBJ_93 /* EthereumTransaction.swift in Sources */,
				OBJ_94 /* RpcCurrentBlock.swift in Sources */,
				OBJ_95 /* RpcEthereumtransactionList.swift in Sources */,
				OBJ_96 /* RippleEndpoint.swift in Sources */,
				OBJ_97 /* RippleMiddleware.swift in Sources */,
				OBJ_98 /* RippleMiddlewareInterface.swift in Sources */,
				OBJ_99 /* RippleBlockNumber.swift in Sources */,
				OBJ_100 /* RippleTransaction.swift in Sources */,
				OBJ_101 /* RippleBlockchainObserver.swift in Sources */,
				OBJ_102 /* Constants.swift in Sources */,
				OBJ_103 /* BlockTimerInterface.swift in Sources */,
				OBJ_104 /* BlocksTimer.swift in Sources */,
				OBJ_105 /* Numbers+Hex.swift in Sources */,
				OBJ_106 /* TransactionNotifier.swift in Sources */,
				OBJ_107 /* PrintLogger.swift in Sources */,
				OBJ_108 /* TransactionsBuffer.swift in Sources */,
				OBJ_109 /* TransactionsBufferInterface.swift in Sources */,
				OBJ_110 /* Asset.swift in Sources */,
				OBJ_111 /* RPCModel.swift in Sources */,
				OBJ_112 /* Transaction.swift in Sources */,
				OBJ_113 /* NetworkManager.swift in Sources */,
				OBJ_114 /* NetworkManagerInterface.swift in Sources */,
				OBJ_115 /* RPC2RequestProtocol.swift in Sources */,
				OBJ_116 /* RequestBuilder.swift in Sources */,
				OBJ_117 /* RequestProtocol.swift in Sources */,
				OBJ_118 /* ErrorMessage.swift in Sources */,
				OBJ_119 /* NetworkError.swift in Sources */,
			);
			runOnlyForDeploymentPostprocessing = 0;
		};
/* End PBXSourcesBuildPhase section */

/* Begin PBXTargetDependency section */
		OBJ_131 /* PBXTargetDependency */ = {
			isa = PBXTargetDependency;
			target = "BlockObserver::BlockObserverTests" /* BlockObserverTests */;
			targetProxy = 3457AF58223E99D300D54283 /* PBXContainerItemProxy */;
		};
		OBJ_153 /* PBXTargetDependency */ = {
			isa = PBXTargetDependency;
			target = "BlockObserver::BlockObserver" /* BlockObserver */;
			targetProxy = 3457AF57223E99D300D54283 /* PBXContainerItemProxy */;
		};
/* End PBXTargetDependency section */

/* Begin XCBuildConfiguration section */
		OBJ_123 /* Debug */ = {
			isa = XCBuildConfiguration;
			buildSettings = {
				LD = /usr/bin/true;
				OTHER_SWIFT_FLAGS = "-swift-version 4.2 -I $(TOOLCHAIN_DIR)/usr/lib/swift/pm/4_2 -target x86_64-apple-macosx10.10 -sdk /Applications/Xcode.app/Contents/Developer/Platforms/MacOSX.platform/Developer/SDKs/MacOSX10.14.sdk";
				SWIFT_VERSION = 4.2;
			};
			name = Debug;
		};
		OBJ_124 /* Release */ = {
			isa = XCBuildConfiguration;
			buildSettings = {
				LD = /usr/bin/true;
				OTHER_SWIFT_FLAGS = "-swift-version 4.2 -I $(TOOLCHAIN_DIR)/usr/lib/swift/pm/4_2 -target x86_64-apple-macosx10.10 -sdk /Applications/Xcode.app/Contents/Developer/Platforms/MacOSX.platform/Developer/SDKs/MacOSX10.14.sdk";
				SWIFT_VERSION = 4.2;
			};
			name = Release;
		};
		OBJ_129 /* Debug */ = {
			isa = XCBuildConfiguration;
			buildSettings = {
			};
			name = Debug;
		};
		OBJ_130 /* Release */ = {
			isa = XCBuildConfiguration;
			buildSettings = {
			};
			name = Release;
		};
		OBJ_134 /* Debug */ = {
			isa = XCBuildConfiguration;
			buildSettings = {
				CLANG_ENABLE_MODULES = YES;
				EMBEDDED_CONTENT_CONTAINS_SWIFT = YES;
				FRAMEWORK_SEARCH_PATHS = (
					"$(inherited)",
					"$(PLATFORM_DIR)/Developer/Library/Frameworks",
				);
				HEADER_SEARCH_PATHS = "$(inherited)";
				INFOPLIST_FILE = BlockObserver.xcodeproj/BlockObserverTests_Info.plist;
				LD_RUNPATH_SEARCH_PATHS = "$(inherited) @loader_path/../Frameworks @loader_path/Frameworks";
				OTHER_CFLAGS = "$(inherited)";
				OTHER_LDFLAGS = "$(inherited)";
				OTHER_SWIFT_FLAGS = "$(inherited)";
				SWIFT_ACTIVE_COMPILATION_CONDITIONS = "$(inherited)";
				SWIFT_VERSION = 4.2;
				TARGET_NAME = BlockObserverTests;
			};
			name = Debug;
		};
		OBJ_135 /* Release */ = {
			isa = XCBuildConfiguration;
			buildSettings = {
				CLANG_ENABLE_MODULES = YES;
				EMBEDDED_CONTENT_CONTAINS_SWIFT = YES;
				FRAMEWORK_SEARCH_PATHS = (
					"$(inherited)",
					"$(PLATFORM_DIR)/Developer/Library/Frameworks",
				);
				HEADER_SEARCH_PATHS = "$(inherited)";
				INFOPLIST_FILE = BlockObserver.xcodeproj/BlockObserverTests_Info.plist;
				LD_RUNPATH_SEARCH_PATHS = "$(inherited) @loader_path/../Frameworks @loader_path/Frameworks";
				OTHER_CFLAGS = "$(inherited)";
				OTHER_LDFLAGS = "$(inherited)";
				OTHER_SWIFT_FLAGS = "$(inherited)";
				SWIFT_ACTIVE_COMPILATION_CONDITIONS = "$(inherited)";
				SWIFT_VERSION = 4.2;
				TARGET_NAME = BlockObserverTests;
			};
			name = Release;
		};
		OBJ_3 /* Debug */ = {
			isa = XCBuildConfiguration;
			buildSettings = {
				CLANG_ENABLE_OBJC_ARC = YES;
				COMBINE_HIDPI_IMAGES = YES;
				COPY_PHASE_STRIP = NO;
				DEBUG_INFORMATION_FORMAT = dwarf;
				DYLIB_INSTALL_NAME_BASE = "@rpath";
				ENABLE_NS_ASSERTIONS = YES;
				GCC_OPTIMIZATION_LEVEL = 0;
				GCC_PREPROCESSOR_DEFINITIONS = (
					"DEBUG=1",
					"$(inherited)",
				);
				MACOSX_DEPLOYMENT_TARGET = 10.10;
				ONLY_ACTIVE_ARCH = YES;
				OTHER_SWIFT_FLAGS = "-DXcode";
				PRODUCT_NAME = "$(TARGET_NAME)";
				SDKROOT = macosx;
				SUPPORTED_PLATFORMS = "macosx iphoneos iphonesimulator appletvos appletvsimulator watchos watchsimulator";
				SWIFT_ACTIVE_COMPILATION_CONDITIONS = "SWIFT_PACKAGE DEBUG";
				SWIFT_OPTIMIZATION_LEVEL = "-Onone";
				USE_HEADERMAP = NO;
			};
			name = Debug;
		};
		OBJ_4 /* Release */ = {
			isa = XCBuildConfiguration;
			buildSettings = {
				CLANG_ENABLE_OBJC_ARC = YES;
				COMBINE_HIDPI_IMAGES = YES;
				COPY_PHASE_STRIP = YES;
				DEBUG_INFORMATION_FORMAT = "dwarf-with-dsym";
				DYLIB_INSTALL_NAME_BASE = "@rpath";
				GCC_OPTIMIZATION_LEVEL = s;
				MACOSX_DEPLOYMENT_TARGET = 10.10;
				OTHER_SWIFT_FLAGS = "-DXcode";
				PRODUCT_NAME = "$(TARGET_NAME)";
				SDKROOT = macosx;
				SUPPORTED_PLATFORMS = "macosx iphoneos iphonesimulator appletvos appletvsimulator watchos watchsimulator";
				SWIFT_ACTIVE_COMPILATION_CONDITIONS = SWIFT_PACKAGE;
				SWIFT_OPTIMIZATION_LEVEL = "-Owholemodule";
				USE_HEADERMAP = NO;
			};
			name = Release;
		};
		OBJ_83 /* Debug */ = {
			isa = XCBuildConfiguration;
			buildSettings = {
				ENABLE_TESTABILITY = YES;
				FRAMEWORK_SEARCH_PATHS = (
					"$(inherited)",
					"$(PLATFORM_DIR)/Developer/Library/Frameworks",
				);
				HEADER_SEARCH_PATHS = "$(inherited)";
				INFOPLIST_FILE = BlockObserver.xcodeproj/BlockObserver_Info.plist;
				LD_RUNPATH_SEARCH_PATHS = "$(inherited) $(TOOLCHAIN_DIR)/usr/lib/swift/macosx";
				OTHER_CFLAGS = "$(inherited)";
				OTHER_LDFLAGS = "$(inherited)";
				OTHER_SWIFT_FLAGS = "$(inherited)";
				PRODUCT_BUNDLE_IDENTIFIER = BlockObserver;
				PRODUCT_MODULE_NAME = "$(TARGET_NAME:c99extidentifier)";
				PRODUCT_NAME = "$(TARGET_NAME:c99extidentifier)";
				SKIP_INSTALL = YES;
				SWIFT_ACTIVE_COMPILATION_CONDITIONS = "$(inherited)";
				SWIFT_VERSION = 4.2;
				TARGET_NAME = BlockObserver;
			};
			name = Debug;
		};
		OBJ_84 /* Release */ = {
			isa = XCBuildConfiguration;
			buildSettings = {
				ENABLE_TESTABILITY = YES;
				FRAMEWORK_SEARCH_PATHS = (
					"$(inherited)",
					"$(PLATFORM_DIR)/Developer/Library/Frameworks",
				);
				HEADER_SEARCH_PATHS = "$(inherited)";
				INFOPLIST_FILE = BlockObserver.xcodeproj/BlockObserver_Info.plist;
				LD_RUNPATH_SEARCH_PATHS = "$(inherited) $(TOOLCHAIN_DIR)/usr/lib/swift/macosx";
				OTHER_CFLAGS = "$(inherited)";
				OTHER_LDFLAGS = "$(inherited)";
				OTHER_SWIFT_FLAGS = "$(inherited)";
				PRODUCT_BUNDLE_IDENTIFIER = BlockObserver;
				PRODUCT_MODULE_NAME = "$(TARGET_NAME:c99extidentifier)";
				PRODUCT_NAME = "$(TARGET_NAME:c99extidentifier)";
				SKIP_INSTALL = YES;
				SWIFT_ACTIVE_COMPILATION_CONDITIONS = "$(inherited)";
				SWIFT_VERSION = 4.2;
				TARGET_NAME = BlockObserver;
			};
			name = Release;
		};
/* End XCBuildConfiguration section */

/* Begin XCConfigurationList section */
		OBJ_122 /* Build configuration list for PBXNativeTarget "BlockObserverPackageDescription" */ = {
			isa = XCConfigurationList;
			buildConfigurations = (
				OBJ_123 /* Debug */,
				OBJ_124 /* Release */,
			);
			defaultConfigurationIsVisible = 0;
			defaultConfigurationName = Release;
		};
		OBJ_128 /* Build configuration list for PBXAggregateTarget "BlockObserverPackageTests" */ = {
			isa = XCConfigurationList;
			buildConfigurations = (
				OBJ_129 /* Debug */,
				OBJ_130 /* Release */,
			);
			defaultConfigurationIsVisible = 0;
			defaultConfigurationName = Release;
		};
		OBJ_133 /* Build configuration list for PBXNativeTarget "BlockObserverTests" */ = {
			isa = XCConfigurationList;
			buildConfigurations = (
				OBJ_134 /* Debug */,
				OBJ_135 /* Release */,
			);
			defaultConfigurationIsVisible = 0;
			defaultConfigurationName = Release;
		};
		OBJ_2 /* Build configuration list for PBXProject "BlockObserver" */ = {
			isa = XCConfigurationList;
			buildConfigurations = (
				OBJ_3 /* Debug */,
				OBJ_4 /* Release */,
			);
			defaultConfigurationIsVisible = 0;
			defaultConfigurationName = Release;
		};
		OBJ_82 /* Build configuration list for PBXNativeTarget "BlockObserver" */ = {
			isa = XCConfigurationList;
			buildConfigurations = (
				OBJ_83 /* Debug */,
				OBJ_84 /* Release */,
			);
			defaultConfigurationIsVisible = 0;
			defaultConfigurationName = Release;
		};
/* End XCConfigurationList section */
	};
	rootObject = OBJ_1 /* Project object */;
}
